{
  "name": "toit-nexus-frontend",
  "version": "1.0.0",
  "lockfileVersion": 3,
  "requires": true,
  "packages": {
    "": {
      "name": "toit-nexus-frontend",
      "version": "1.0.0",
      "dependencies": {
        "express": "^4.18.2",
        "drizzle-kit": "^0.31.4",
        "ts-node": "^10.9.2",
        "typescript": "^5.2.2"
      }
    }
  }
}